
Microsoft Visual Studio Solution File, Format Version 12.00
# Visual Studio Version 17
VisualStudioVersion = 17.10.35122.118
MinimumVisualStudioVersion = 10.0.40219.1
Project("{FAE04EC0-301F-11D3-BF4B-00C04F79EFBC}") = "SingularityApi", "SingularityApi.csproj", "{97A50440-4349-4FE7-8816-760341528ABE}"
EndProject
Global
	GlobalSection(SolutionConfigurationPlatforms) = preSolution
		Debug|Any CPU = Debug|Any CPU
		Release|Any CPU = Release|Any CPU
	EndGlobalSection
	GlobalSection(ProjectConfigurationPlatforms) = postSolution
		{97A50440-4349-4FE7-8816-760341528ABE}.Debug|Any CPU.ActiveCfg = Debug|Any CPU
		{97A50440-4349-4FE7-8816-760341528ABE}.Debug|Any CPU.Build.0 = Debug|Any CPU
		{97A50440-4349-4FE7-8816-760341528ABE}.Release|Any CPU.ActiveCfg = Release|Any CPU
		{97A50440-4349-4FE7-8816-760341528ABE}.Release|Any CPU.Build.0 = Release|Any CPU
	EndGlobalSection
	GlobalSection(SolutionProperties) = preSolution
		HideSolutionNode = FALSE
	EndGlobalSection
	GlobalSection(ExtensibilityGlobals) = postSolution
		SolutionGuid = {FD152273-DCEF-418B-BC80-D94AE8EE1445}
	EndGlobalSection
EndGlobal
